
Microsoft Visual Studio Solution File, Format Version 11.00
# Visual Studio 2010
Project("{FAE04EC0-301F-11D3-BF4B-00C04F79EFBC}") = "PhoneApp1", "PhoneApp1.csproj", "{BA933A68-9B0E-48BB-A6C8-46F6DADC6FCD}"
EndProject
Global
	GlobalSection(SolutionConfigurationPlatforms) = preSolution
		Debug|Any CPU = Debug|Any CPU
		Release|Any CPU = Release|Any CPU
	EndGlobalSection
	GlobalSection(ProjectConfigurationPlatforms) = postSolution
		{BA933A68-9B0E-48BB-A6C8-46F6DADC6FCD}.Debug|Any CPU.ActiveCfg = Debug|Any CPU
		{BA933A68-9B0E-48BB-A6C8-46F6DADC6FCD}.Debug|Any CPU.Build.0 = Debug|Any CPU
		{BA933A68-9B0E-48BB-A6C8-46F6DADC6FCD}.Debug|Any CPU.Deploy.0 = Debug|Any CPU
		{BA933A68-9B0E-48BB-A6C8-46F6DADC6FCD}.Release|Any CPU.ActiveCfg = Release|Any CPU
		{BA933A68-9B0E-48BB-A6C8-46F6DADC6FCD}.Release|Any CPU.Build.0 = Release|Any CPU
		{BA933A68-9B0E-48BB-A6C8-46F6DADC6FCD}.Release|Any CPU.Deploy.0 = Release|Any CPU
	EndGlobalSection
	GlobalSection(SolutionProperties) = preSolution
		HideSolutionNode = FALSE
	EndGlobalSection
EndGlobal
